
Microsoft Visual Studio Solution File, Format Version 11.00
# Visual Studio 2010
Project("{FAE04EC0-301F-11D3-BF4B-00C04F79EFBC}") = "VideoMax", "VideoMax\VideoMax.csproj", "{4743E48B-B09E-4E51-9942-BD7BA50891EF}"
EndProject
Project("{54435603-DBB4-11D2-8724-00A0C9A8B90C}") = "VIdeoMaxSetup", "VIdeoMaxSetup\VIdeoMaxSetup.vdproj", "{BC89DB4B-AA1A-4448-8784-5A1ED65DC846}"
EndProject
Global
	GlobalSection(SolutionConfigurationPlatforms) = preSolution
		Debug|x86 = Debug|x86
		Release|x86 = Release|x86
	EndGlobalSection
	GlobalSection(ProjectConfigurationPlatforms) = postSolution
		{4743E48B-B09E-4E51-9942-BD7BA50891EF}.Debug|x86.ActiveCfg = Debug|x86
		{4743E48B-B09E-4E51-9942-BD7BA50891EF}.Debug|x86.Build.0 = Debug|x86
		{4743E48B-B09E-4E51-9942-BD7BA50891EF}.Release|x86.ActiveCfg = Release|x86
		{4743E48B-B09E-4E51-9942-BD7BA50891EF}.Release|x86.Build.0 = Release|x86
		{BC89DB4B-AA1A-4448-8784-5A1ED65DC846}.Debug|x86.ActiveCfg = Debug
		{BC89DB4B-AA1A-4448-8784-5A1ED65DC846}.Release|x86.ActiveCfg = Release
	EndGlobalSection
	GlobalSection(SolutionProperties) = preSolution
		HideSolutionNode = FALSE
	EndGlobalSection
EndGlobal
